// !$*UTF8*$!
{
	archiveVersion = 1;
	classes = {
	};
	objectVersion = 50;
	objects = {

/* Begin PBXBuildFile section */
		C881094821D9DEC5007956B7 /* AppDelegate.swift in Sources */ = {isa = PBXBuildFile; fileRef = C881094721D9DEC5007956B7 /* AppDelegate.swift */; };
		C881094A21D9DEC5007956B7 /* ViewController.swift in Sources */ = {isa = PBXBuildFile; fileRef = C881094921D9DEC5007956B7 /* ViewController.swift */; };
		C881094D21D9DEC5007956B7 /* Main.storyboard in Resources */ = {isa = PBXBuildFile; fileRef = C881094B21D9DEC5007956B7 /* Main.storyboard */; };
		C881094F21D9DEC6007956B7 /* Assets.xcassets in Resources */ = {isa = PBXBuildFile; fileRef = C881094E21D9DEC6007956B7 /* Assets.xcassets */; };
		C881095221D9DEC7007956B7 /* LaunchScreen.storyboard in Resources */ = {isa = PBXBuildFile; fileRef = C881095021D9DEC6007956B7 /* LaunchScreen.storyboard */; };
		C881095D21D9DEC7007956B7 /* make_filterTests.swift in Sources */ = {isa = PBXBuildFile; fileRef = C881095C21D9DEC7007956B7 /* make_filterTests.swift */; };
		C881096821D9DEC7007956B7 /* make_filterUITests.swift in Sources */ = {isa = PBXBuildFile; fileRef = C881096721D9DEC7007956B7 /* make_filterUITests.swift */; };
/* End PBXBuildFile section */

/* Begin PBXContainerItemProxy section */
		C881095921D9DEC7007956B7 /* PBXContainerItemProxy */ = {
			isa = PBXContainerItemProxy;
			containerPortal = C881093C21D9DEC5007956B7 /* Project object */;
			proxyType = 1;
			remoteGlobalIDString = C881094321D9DEC5007956B7;
			remoteInfo = make_filter;
		};
		C881096421D9DEC7007956B7 /* PBXContainerItemProxy */ = {
			isa = PBXContainerItemProxy;
			containerPortal = C881093C21D9DEC5007956B7 /* Project object */;
			proxyType = 1;
			remoteGlobalIDString = C881094321D9DEC5007956B7;
			remoteInfo = make_filter;
		};
/* End PBXContainerItemProxy section */

/* Begin PBXFileReference section */
		C881094421D9DEC5007956B7 /* make_filter.app */ = {isa = PBXFileReference; explicitFileType = wrapper.application; includeInIndex = 0; path = make_filter.app; sourceTree = BUILT_PRODUCTS_DIR; };
		C881094721D9DEC5007956B7 /* AppDelegate.swift */ = {isa = PBXFileReference; lastKnownFileType = sourcecode.swift; path = AppDelegate.swift; sourceTree = "<group>"; };
		C881094921D9DEC5007956B7 /* ViewController.swift */ = {isa = PBXFileReference; lastKnownFileType = sourcecode.swift; path = ViewController.swift; sourceTree = "<group>"; };
		C881094C21D9DEC5007956B7 /* Base */ = {isa = PBXFileReference; lastKnownFileType = file.storyboard; name = Base; path = Base.lproj/Main.storyboard; sourceTree = "<group>"; };
		C881094E21D9DEC6007956B7 /* Assets.xcassets */ = {isa = PBXFileReference; lastKnownFileType = folder.assetcatalog; path = Assets.xcassets; sourceTree = "<group>"; };
		C881095121D9DEC6007956B7 /* Base */ = {isa = PBXFileReference; lastKnownFileType = file.storyboard; name = Base; path = Base.lproj/LaunchScreen.storyboard; sourceTree = "<group>"; };
		C881095321D9DEC7007956B7 /* Info.plist */ = {isa = PBXFileReference; lastKnownFileType = text.plist.xml; path = Info.plist; sourceTree = "<group>"; };
		C881095821D9DEC7007956B7 /* make_filterTests.xctest */ = {isa = PBXFileReference; explicitFileType = wrapper.cfbundle; includeInIndex = 0; path = make_filterTests.xctest; sourceTree = BUILT_PRODUCTS_DIR; };
		C881095C21D9DEC7007956B7 /* make_filterTests.swift */ = {isa = PBXFileReference; lastKnownFileType = sourcecode.swift; path = make_filterTests.swift; sourceTree = "<group>"; };
		C881095E21D9DEC7007956B7 /* Info.plist */ = {isa = PBXFileReference; lastKnownFileType = text.plist.xml; path = Info.plist; sourceTree = "<group>"; };
		C881096321D9DEC7007956B7 /* make_filterUITests.xctest */ = {isa = PBXFileReference; explicitFileType = wrapper.cfbundle; includeInIndex = 0; path = make_filterUITests.xctest; sourceTree = BUILT_PRODUCTS_DIR; };
		C881096721D9DEC7007956B7 /* make_filterUITests.swift */ = {isa = PBXFileReference; lastKnownFileType = sourcecode.swift; path = make_filterUITests.swift; sourceTree = "<group>"; };
		C881096921D9DEC7007956B7 /* Info.plist */ = {isa = PBXFileReference; lastKnownFileType = text.plist.xml; path = Info.plist; sourceTree = "<group>"; };
/* End PBXFileReference section */

/* Begin PBXFrameworksBuildPhase section */
		C881094121D9DEC5007956B7 /* Frameworks */ = {
			isa = PBXFrameworksBuildPhase;
			buildActionMask = 2147483647;
			files = (
			);
			runOnlyForDeploymentPostprocessing = 0;
		};
		C881095521D9DEC7007956B7 /* Frameworks */ = {
			isa = PBXFrameworksBuildPhase;
			buildActionMask = 2147483647;
			files = (
			);
			runOnlyForDeploymentPostprocessing = 0;
		};
		C881096021D9DEC7007956B7 /* Frameworks */ = {
			isa = PBXFrameworksBuildPhase;
			buildActionMask = 2147483647;
			files = (
			);
			runOnlyForDeploymentPostprocessing = 0;
		};
/* End PBXFrameworksBuildPhase section */

/* Begin PBXGroup section */
		C881093B21D9DEC5007956B7 = {
			isa = PBXGroup;
			children = (
				C881094621D9DEC5007956B7 /* make_filter */,
				C881095B21D9DEC7007956B7 /* make_filterTests */,
				C881096621D9DEC7007956B7 /* make_filterUITests */,
				C881094521D9DEC5007956B7 /* Products */,
			);
			sourceTree = "<group>";
		};
		C881094521D9DEC5007956B7 /* Products */ = {
			isa = PBXGroup;
			children = (
				C881094421D9DEC5007956B7 /* make_filter.app */,
				C881095821D9DEC7007956B7 /* make_filterTests.xctest */,
				C881096321D9DEC7007956B7 /* make_filterUITests.xctest */,
			);
			name = Products;
			sourceTree = "<group>";
		};
		C881094621D9DEC5007956B7 /* make_filter */ = {
			isa = PBXGroup;
			children = (
				C881094721D9DEC5007956B7 /* AppDelegate.swift */,
				C881094921D9DEC5007956B7 /* ViewController.swift */,
				C881094B21D9DEC5007956B7 /* Main.storyboard */,
				C881094E21D9DEC6007956B7 /* Assets.xcassets */,
				C881095021D9DEC6007956B7 /* LaunchScreen.storyboard */,
				C881095321D9DEC7007956B7 /* Info.plist */,
			);
			path = make_filter;
			sourceTree = "<group>";
		};
		C881095B21D9DEC7007956B7 /* make_filterTests */ = {
			isa = PBXGroup;
			children = (
				C881095C21D9DEC7007956B7 /* make_filterTests.swift */,
				C881095E21D9DEC7007956B7 /* Info.plist */,
			);
			path = make_filterTests;
			sourceTree = "<group>";
		};
		C881096621D9DEC7007956B7 /* make_filterUITests */ = {
			isa = PBXGroup;
			children = (
				C881096721D9DEC7007956B7 /* make_filterUITests.swift */,
				C881096921D9DEC7007956B7 /* Info.plist */,
			);
			path = make_filterUITests;
			sourceTree = "<group>";
		};
/* End PBXGroup section */

/* Begin PBXNativeTarget section */
		C881094321D9DEC5007956B7 /* make_filter */ = {
			isa = PBXNativeTarget;
			buildConfigurationList = C881096C21D9DEC7007956B7 /* Build configuration list for PBXNativeTarget "make_filter" */;
			buildPhases = (
				C881094021D9DEC5007956B7 /* Sources */,
				C881094121D9DEC5007956B7 /* Frameworks */,
				C881094221D9DEC5007956B7 /* Resources */,
			);
			buildRules = (
			);
			dependencies = (
			);
			name = make_filter;
			productName = make_filter;
			productReference = C881094421D9DEC5007956B7 /* make_filter.app */;
			productType = "com.apple.product-type.application";
		};
		C881095721D9DEC7007956B7 /* make_filterTests */ = {
			isa = PBXNativeTarget;
			buildConfigurationList = C881096F21D9DEC7007956B7 /* Build configuration list for PBXNativeTarget "make_filterTests" */;
			buildPhases = (
				C881095421D9DEC7007956B7 /* Sources */,
				C881095521D9DEC7007956B7 /* Frameworks */,
				C881095621D9DEC7007956B7 /* Resources */,
			);
			buildRules = (
			);
			dependencies = (
				C881095A21D9DEC7007956B7 /* PBXTargetDependency */,
			);
			name = make_filterTests;
			productName = make_filterTests;
			productReference = C881095821D9DEC7007956B7 /* make_filterTests.xctest */;
			productType = "com.apple.product-type.bundle.unit-test";
		};
		C881096221D9DEC7007956B7 /* make_filterUITests */ = {
			isa = PBXNativeTarget;
			buildConfigurationList = C881097221D9DEC7007956B7 /* Build configuration list for PBXNativeTarget "make_filterUITests" */;
			buildPhases = (
				C881095F21D9DEC7007956B7 /* Sources */,
				C881096021D9DEC7007956B7 /* Frameworks */,
				C881096121D9DEC7007956B7 /* Resources */,
			);
			buildRules = (
			);
			dependencies = (
				C881096521D9DEC7007956B7 /* PBXTargetDependency */,
			);
			name = make_filterUITests;
			productName = make_filterUITests;
			productReference = C881096321D9DEC7007956B7 /* make_filterUITests.xctest */;
			productType = "com.apple.product-type.bundle.ui-testing";
		};
/* End PBXNativeTarget section */

/* Begin PBXProject section */
		C881093C21D9DEC5007956B7 /* Project object */ = {
			isa = PBXProject;
			attributes = {
				LastSwiftUpdateCheck = 1010;
				LastUpgradeCheck = 1010;
				ORGANIZATIONNAME = "kihwan kim";
				TargetAttributes = {
					C881094321D9DEC5007956B7 = {
						CreatedOnToolsVersion = 10.1;
					};
					C881095721D9DEC7007956B7 = {
						CreatedOnToolsVersion = 10.1;
						TestTargetID = C881094321D9DEC5007956B7;
					};
					C881096221D9DEC7007956B7 = {
						CreatedOnToolsVersion = 10.1;
						TestTargetID = C881094321D9DEC5007956B7;
					};
				};
			};
			buildConfigurationList = C881093F21D9DEC5007956B7 /* Build configuration list for PBXProject "make_filter" */;
			compatibilityVersion = "Xcode 9.3";
			developmentRegion = en;
			hasScannedForEncodings = 0;
			knownRegions = (
				en,
				Base,
			);
			mainGroup = C881093B21D9DEC5007956B7;
			productRefGroup = C881094521D9DEC5007956B7 /* Products */;
			projectDirPath = "";
			projectRoot = "";
			targets = (
				C881094321D9DEC5007956B7 /* make_filter */,
				C881095721D9DEC7007956B7 /* make_filterTests */,
				C881096221D9DEC7007956B7 /* make_filterUITests */,
			);
		};
/* End PBXProject section */

/* Begin PBXResourcesBuildPhase section */
		C881094221D9DEC5007956B7 /* Resources */ = {
			isa = PBXResourcesBuildPhase;
			buildActionMask = 2147483647;
			files = (
				C881095221D9DEC7007956B7 /* LaunchScreen.storyboard in Resources */,
				C881094F21D9DEC6007956B7 /* Assets.xcassets in Resources */,
				C881094D21D9DEC5007956B7 /* Main.storyboard in Resources */,
			);
			runOnlyForDeploymentPostprocessing = 0;
		};
		C881095621D9DEC7007956B7 /* Resources */ = {
			isa = PBXResourcesBuildPhase;
			buildActionMask = 2147483647;
			files = (
			);
			runOnlyForDeploymentPostprocessing = 0;
		};
		C881096121D9DEC7007956B7 /* Resources */ = {
			isa = PBXResourcesBuildPhase;
			buildActionMask = 2147483647;
			files = (
			);
			runOnlyForDeploymentPostprocessing = 0;
		};
/* End PBXResourcesBuildPhase section */

/* Begin PBXSourcesBuildPhase section */
		C881094021D9DEC5007956B7 /* Sources */ = {
			isa = PBXSourcesBuildPhase;
			buildActionMask = 2147483647;
			files = (
				C881094A21D9DEC5007956B7 /* ViewController.swift in Sources */,
				C881094821D9DEC5007956B7 /* AppDelegate.swift in Sources */,
			);
			runOnlyForDeploymentPostprocessing = 0;
		};
		C881095421D9DEC7007956B7 /* Sources */ = {
			isa = PBXSourcesBuildPhase;
			buildActionMask = 2147483647;
			files = (
				C881095D21D9DEC7007956B7 /* make_filterTests.swift in Sources */,
			);
			runOnlyForDeploymentPostprocessing = 0;
		};
		C881095F21D9DEC7007956B7 /* Sources */ = {
			isa = PBXSourcesBuildPhase;
			buildActionMask = 2147483647;
			files = (
				C881096821D9DEC7007956B7 /* make_filterUITests.swift in Sources */,
			);
			runOnlyForDeploymentPostprocessing = 0;
		};
/* End PBXSourcesBuildPhase section */

/* Begin PBXTargetDependency section */
		C881095A21D9DEC7007956B7 /* PBXTargetDependency */ = {
			isa = PBXTargetDependency;
			target = C881094321D9DEC5007956B7 /* make_filter */;
			targetProxy = C881095921D9DEC7007956B7 /* PBXContainerItemProxy */;
		};
		C881096521D9DEC7007956B7 /* PBXTargetDependency */ = {
			isa = PBXTargetDependency;
			target = C881094321D9DEC5007956B7 /* make_filter */;
			targetProxy = C881096421D9DEC7007956B7 /* PBXContainerItemProxy */;
		};
/* End PBXTargetDependency section */

/* Begin PBXVariantGroup section */
		C881094B21D9DEC5007956B7 /* Main.storyboard */ = {
			isa = PBXVariantGroup;
			children = (
				C881094C21D9DEC5007956B7 /* Base */,
			);
			name = Main.storyboard;
			sourceTree = "<group>";
		};
		C881095021D9DEC6007956B7 /* LaunchScreen.storyboard */ = {
			isa = PBXVariantGroup;
			children = (
				C881095121D9DEC6007956B7 /* Base */,
			);
			name = LaunchScreen.storyboard;
			sourceTree = "<group>";
		};
/* End PBXVariantGroup section */

/* Begin XCBuildConfiguration section */
		C881096A21D9DEC7007956B7 /* Debug */ = {
			isa = XCBuildConfiguration;
			buildSettings = {
				ALWAYS_SEARCH_USER_PATHS = NO;
				CLANG_ANALYZER_NONNULL = YES;
				CLANG_ANALYZER_NUMBER_OBJECT_CONVERSION = YES_AGGRESSIVE;
				CLANG_CXX_LANGUAGE_STANDARD = "gnu++14";
				CLANG_CXX_LIBRARY = "libc++";
				CLANG_ENABLE_MODULES = YES;
				CLANG_ENABLE_OBJC_ARC = YES;
				CLANG_ENABLE_OBJC_WEAK = YES;
				CLANG_WARN_BLOCK_CAPTURE_AUTORELEASING = YES;
				CLANG_WARN_BOOL_CONVERSION = YES;
				CLANG_WARN_COMMA = YES;
				CLANG_WARN_CONSTANT_CONVERSION = YES;
				CLANG_WARN_DEPRECATED_OBJC_IMPLEMENTATIONS = YES;
				CLANG_WARN_DIRECT_OBJC_ISA_USAGE = YES_ERROR;
				CLANG_WARN_DOCUMENTATION_COMMENTS = YES;
				CLANG_WARN_EMPTY_BODY = YES;
				CLANG_WARN_ENUM_CONVERSION = YES;
				CLANG_WARN_INFINITE_RECURSION = YES;
				CLANG_WARN_INT_CONVERSION = YES;
				CLANG_WARN_NON_LITERAL_NULL_CONVERSION = YES;
				CLANG_WARN_OBJC_IMPLICIT_RETAIN_SELF = YES;
				CLANG_WARN_OBJC_LITERAL_CONVERSION = YES;
				CLANG_WARN_OBJC_ROOT_CLASS = YES_ERROR;
				CLANG_WARN_RANGE_LOOP_ANALYSIS = YES;
				CLANG_WARN_STRICT_PROTOTYPES = YES;
				CLANG_WARN_SUSPICIOUS_MOVE = YES;
				CLANG_WARN_UNGUARDED_AVAILABILITY = YES_AGGRESSIVE;
				CLANG_WARN_UNREACHABLE_CODE = YES;
				CLANG_WARN__DUPLICATE_METHOD_MATCH = YES;
				CODE_SIGN_IDENTITY = "iPhone Developer";
				COPY_PHASE_STRIP = NO;
				DEBUG_INFORMATION_FORMAT = dwarf;
				ENABLE_STRICT_OBJC_MSGSEND = YES;
				ENABLE_TESTABILITY = YES;
				GCC_C_LANGUAGE_STANDARD = gnu11;
				GCC_DYNAMIC_NO_PIC = NO;
				GCC_NO_COMMON_BLOCKS = YES;
				GCC_OPTIMIZATION_LEVEL = 0;
				GCC_PREPROCESSOR_DEFINITIONS = (
					"DEBUG=1",
					"$(inherited)",
				);
				GCC_WARN_64_TO_32_BIT_CONVERSION = YES;
				GCC_WARN_ABOUT_RETURN_TYPE = YES_ERROR;
				GCC_WARN_UNDECLARED_SELECTOR = YES;
				GCC_WARN_UNINITIALIZED_AUTOS = YES_AGGRESSIVE;
				GCC_WARN_UNUSED_FUNCTION = YES;
				GCC_WARN_UNUSED_VARIABLE = YES;
				IPHONEOS_DEPLOYMENT_TARGET = 12.1;
				MTL_ENABLE_DEBUG_INFO = INCLUDE_SOURCE;
				MTL_FAST_MATH = YES;
				ONLY_ACTIVE_ARCH = YES;
				SDKROOT = iphoneos;
				SWIFT_ACTIVE_COMPILATION_CONDITIONS = DEBUG;
				SWIFT_OPTIMIZATION_LEVEL = "-Onone";
			};
			name = Debug;
		};
		C881096B21D9DEC7007956B7 /* Release */ = {
			isa = XCBuildConfiguration;
			buildSettings = {
				ALWAYS_SEARCH_USER_PATHS = NO;
				CLANG_ANALYZER_NONNULL = YES;
				CLANG_ANALYZER_NUMBER_OBJECT_CONVERSION = YES_AGGRESSIVE;
				CLANG_CXX_LANGUAGE_STANDARD = "gnu++14";
				CLANG_CXX_LIBRARY = "libc++";
				CLANG_ENABLE_MODULES = YES;
				CLANG_ENABLE_OBJC_ARC = YES;
				CLANG_ENABLE_OBJC_WEAK = YES;
				CLANG_WARN_BLOCK_CAPTURE_AUTORELEASING = YES;
				CLANG_WARN_BOOL_CONVERSION = YES;
				CLANG_WARN_COMMA = YES;
				CLANG_WARN_CONSTANT_CONVERSION = YES;
				CLANG_WARN_DEPRECATED_OBJC_IMPLEMENTATIONS = YES;
				CLANG_WARN_DIRECT_OBJC_ISA_USAGE = YES_ERROR;
				CLANG_WARN_DOCUMENTATION_COMMENTS = YES;
				CLANG_WARN_EMPTY_BODY = YES;
				CLANG_WARN_ENUM_CONVERSION = YES;
				CLANG_WARN_INFINITE_RECURSION = YES;
				CLANG_WARN_INT_CONVERSION = YES;
				CLANG_WARN_NON_LITERAL_NULL_CONVERSION = YES;
				CLANG_WARN_OBJC_IMPLICIT_RETAIN_SELF = YES;
				CLANG_WARN_OBJC_LITERAL_CONVERSION = YES;
				CLANG_WARN_OBJC_ROOT_CLASS = YES_ERROR;
				CLANG_WARN_RANGE_LOOP_ANALYSIS = YES;
				CLANG_WARN_STRICT_PROTOTYPES = YES;
				CLANG_WARN_SUSPICIOUS_MOVE = YES;
				CLANG_WARN_UNGUARDED_AVAILABILITY = YES_AGGRESSIVE;
				CLANG_WARN_UNREACHABLE_CODE = YES;
				CLANG_WARN__DUPLICATE_METHOD_MATCH = YES;
				CODE_SIGN_IDENTITY = "iPhone Developer";
				COPY_PHASE_STRIP = NO;
				DEBUG_INFORMATION_FORMAT = "dwarf-with-dsym";
				ENABLE_NS_ASSERTIONS = NO;
				ENABLE_STRICT_OBJC_MSGSEND = YES;
				GCC_C_LANGUAGE_STANDARD = gnu11;
				GCC_NO_COMMON_BLOCKS = YES;
				GCC_WARN_64_TO_32_BIT_CONVERSION = YES;
				GCC_WARN_ABOUT_RETURN_TYPE = YES_ERROR;
				GCC_WARN_UNDECLARED_SELECTOR = YES;
				GCC_WARN_UNINITIALIZED_AUTOS = YES_AGGRESSIVE;
				GCC_WARN_UNUSED_FUNCTION = YES;
				GCC_WARN_UNUSED_VARIABLE = YES;
				IPHONEOS_DEPLOYMENT_TARGET = 12.1;
				MTL_ENABLE_DEBUG_INFO = NO;
				MTL_FAST_MATH = YES;
				SDKROOT = iphoneos;
				SWIFT_COMPILATION_MODE = wholemodule;
				SWIFT_OPTIMIZATION_LEVEL = "-O";
				VALIDATE_PRODUCT = YES;
			};
			name = Release;
		};
		C881096D21D9DEC7007956B7 /* Debug */ = {
			isa = XCBuildConfiguration;
			buildSettings = {
				ASSETCATALOG_COMPILER_APPICON_NAME = AppIcon;
				CODE_SIGN_STYLE = Automatic;
				INFOPLIST_FILE = make_filter/Info.plist;
				LD_RUNPATH_SEARCH_PATHS = (
					"$(inherited)",
					"@executable_path/Frameworks",
				);
				PRODUCT_BUNDLE_IDENTIFIER = "kimkihwan.make-filter";
				PRODUCT_NAME = "$(TARGET_NAME)";
				SWIFT_VERSION = 4.2;
				TARGETED_DEVICE_FAMILY = "1,2";
			};
			name = Debug;
		};
		C881096E21D9DEC7007956B7 /* Release */ = {
			isa = XCBuildConfiguration;
			buildSettings = {
				ASSETCATALOG_COMPILER_APPICON_NAME = AppIcon;
				CODE_SIGN_STYLE = Automatic;
				INFOPLIST_FILE = make_filter/Info.plist;
				LD_RUNPATH_SEARCH_PATHS = (
					"$(inherited)",
					"@executable_path/Frameworks",
				);
				PRODUCT_BUNDLE_IDENTIFIER = "kimkihwan.make-filter";
				PRODUCT_NAME = "$(TARGET_NAME)";
				SWIFT_VERSION = 4.2;
				TARGETED_DEVICE_FAMILY = "1,2";
			};
			name = Release;
		};
		C881097021D9DEC7007956B7 /* Debug */ = {
			isa = XCBuildConfiguration;
			buildSettings = {
				ALWAYS_EMBED_SWIFT_STANDARD_LIBRARIES = YES;
				BUNDLE_LOADER = "$(TEST_HOST)";
				CODE_SIGN_STYLE = Automatic;
				INFOPLIST_FILE = make_filterTests/Info.plist;
				LD_RUNPATH_SEARCH_PATHS = (
					"$(inherited)",
					"@executable_path/Frameworks",
					"@loader_path/Frameworks",
				);
				PRODUCT_BUNDLE_IDENTIFIER = "kimkihwan.make-filterTests";
				PRODUCT_NAME = "$(TARGET_NAME)";
				SWIFT_VERSION = 4.2;
				TARGETED_DEVICE_FAMILY = "1,2";
				TEST_HOST = "$(BUILT_PRODUCTS_DIR)/make_filter.app/make_filter";
			};
			name = Debug;
		};
		C881097121D9DEC7007956B7 /* Release */ = {
			isa = XCBuildConfiguration;
			buildSettings = {
				ALWAYS_EMBED_SWIFT_STANDARD_LIBRARIES = YES;
				BUNDLE_LOADER = "$(TEST_HOST)";
				CODE_SIGN_STYLE = Automatic;
				INFOPLIST_FILE = make_filterTests/Info.plist;
				LD_RUNPATH_SEARCH_PATHS = (
					"$(inherited)",
					"@executable_path/Frameworks",
					"@loader_path/Frameworks",
				);
				PRODUCT_BUNDLE_IDENTIFIER = "kimkihwan.make-filterTests";
				PRODUCT_NAME = "$(TARGET_NAME)";
				SWIFT_VERSION = 4.2;
				TARGETED_DEVICE_FAMILY = "1,2";
				TEST_HOST = "$(BUILT_PRODUCTS_DIR)/make_filter.app/make_filter";
			};
			name = Release;
		};
		C881097321D9DEC7007956B7 /* Debug */ = {
			isa = XCBuildConfiguration;
			buildSettings = {
				ALWAYS_EMBED_SWIFT_STANDARD_LIBRARIES = YES;
				CODE_SIGN_STYLE = Automatic;
				INFOPLIST_FILE = make_filterUITests/Info.plist;
				LD_RUNPATH_SEARCH_PATHS = (
					"$(inherited)",
					"@executable_path/Frameworks",
					"@loader_path/Frameworks",
				);
				PRODUCT_BUNDLE_IDENTIFIER = "kimkihwan.make-filterUITests";
				PRODUCT_NAME = "$(TARGET_NAME)";
				SWIFT_VERSION = 4.2;
				TARGETED_DEVICE_FAMILY = "1,2";
				TEST_TARGET_NAME = make_filter;
			};
			name = Debug;
		};
		C881097421D9DEC7007956B7 /* Release */ = {
			isa = XCBuildConfiguration;
			buildSettings = {
				ALWAYS_EMBED_SWIFT_STANDARD_LIBRARIES = YES;
				CODE_SIGN_STYLE = Automatic;
				INFOPLIST_FILE = make_filterUITests/Info.plist;
				LD_RUNPATH_SEARCH_PATHS = (
					"$(inherited)",
					"@executable_path/Frameworks",
					"@loader_path/Frameworks",
				);
				PRODUCT_BUNDLE_IDENTIFIER = "kimkihwan.make-filterUITests";
				PRODUCT_NAME = "$(TARGET_NAME)";
				SWIFT_VERSION = 4.2;
				TARGETED_DEVICE_FAMILY = "1,2";
				TEST_TARGET_NAME = make_filter;
			};
			name = Release;
		};
/* End XCBuildConfiguration section */

/* Begin XCConfigurationList section */
		C881093F21D9DEC5007956B7 /* Build configuration list for PBXProject "make_filter" */ = {
			isa = XCConfigurationList;
			buildConfigurations = (
				C881096A21D9DEC7007956B7 /* Debug */,
				C881096B21D9DEC7007956B7 /* Release */,
			);
			defaultConfigurationIsVisible = 0;
			defaultConfigurationName = Release;
		};
		C881096C21D9DEC7007956B7 /* Build configuration list for PBXNativeTarget "make_filter" */ = {
			isa = XCConfigurationList;
			buildConfigurations = (
				C881096D21D9DEC7007956B7 /* Debug */,
				C881096E21D9DEC7007956B7 /* Release */,
			);
			defaultConfigurationIsVisible = 0;
			defaultConfigurationName = Release;
		};
		C881096F21D9DEC7007956B7 /* Build configuration list for PBXNativeTarget "make_filterTests" */ = {
			isa = XCConfigurationList;
			buildConfigurations = (
				C881097021D9DEC7007956B7 /* Debug */,
				C881097121D9DEC7007956B7 /* Release */,
			);
			defaultConfigurationIsVisible = 0;
			defaultConfigurationName = Release;
		};
		C881097221D9DEC7007956B7 /* Build configuration list for PBXNativeTarget "make_filterUITests" */ = {
			isa = XCConfigurationList;
			buildConfigurations = (
				C881097321D9DEC7007956B7 /* Debug */,
				C881097421D9DEC7007956B7 /* Release */,
			);
			defaultConfigurationIsVisible = 0;
			defaultConfigurationName = Release;
		};
/* End XCConfigurationList section */
	};
	rootObject = C881093C21D9DEC5007956B7 /* Project object */;
}
